{
  "name": "hq",
  "version": "1.0.0",
  "lockfileVersion": 1,
  "requires": true,
  "dependencies": {
    "@hq20/contracts": {
      "version": "0.0.5",
      "resolved": "https://registry.npmjs.org/@hq20/contracts/-/contracts-0.0.5.tgz",
      "integrity": "sha512-/a05LFGIKWfkQMxds2WtNbwMZTRk+59QMFroNADgEQIvgHUfFtNxRfkCOz4Zpqypflg4Oz9GIpHykJI8YOo5hA==",
      "dev": true
    },
    "@openzeppelin/contracts": {
      "version": "4.7.2",
      "resolved": "https://registry.npmjs.org/@openzeppelin/contracts/-/contracts-4.7.2.tgz",
      "integrity": "sha512-4n/JL9izql8303mPqPdubuna/DWEMbmOzWYUWyCPhjhiEr2w3nQrjE7vZz1fBF+wzzP6dZbIcsgqACk53c9FGA==",
      "dev": true
    }
  }
}
